{
  "name": "daonators",
  "version": "0.1.0",
  "lockfileVersion": 2,
  "requires": true,
  "packages": {
    "": {
      "name": "daonators",
      "version": "0.1.0",
      "devDependencies": {
        "@simpli/cli-scaffold": "2.4.3"
      }
    },
    "node_modules/@simpli/cli-scaffold": {
      "version": "2.4.3",
      "resolved": "https://registry.npmjs.org/@simpli/cli-scaffold/-/cli-scaffold-2.4.3.tgz",
      "integrity": "sha512-1K9KNvJzf9jizI8QbPIEEvKqX74yTIea+DctQnYA7bIqGR8qwXQPaK6DA8+pFW5F+nGSQe65JJ87Xdj/vppecg==",
      "dev": true
    }
  },
  "dependencies": {
    "@simpli/cli-scaffold": {
      "version": "2.4.3",
      "resolved": "https://registry.npmjs.org/@simpli/cli-scaffold/-/cli-scaffold-2.4.3.tgz",
      "integrity": "sha512-1K9KNvJzf9jizI8QbPIEEvKqX74yTIea+DctQnYA7bIqGR8qwXQPaK6DA8+pFW5F+nGSQe65JJ87Xdj/vppecg==",
      "dev": true
    }
  }
}
